
Microsoft Visual Studio Solution File, Format Version 12.00
# Visual Studio 2013
VisualStudioVersion = 12.0.30501.0
MinimumVisualStudioVersion = 10.0.40219.1
Project("{FAE04EC0-301F-11D3-BF4B-00C04F79EFBC}") = "School.API", "School.API.csproj", "{054E75B0-7D4A-4CA2-A848-A5B509916EF6}"
EndProject
Global
	GlobalSection(SolutionConfigurationPlatforms) = preSolution
		Debug|Any CPU = Debug|Any CPU
		Release|Any CPU = Release|Any CPU
	EndGlobalSection
	GlobalSection(ProjectConfigurationPlatforms) = postSolution
		{054E75B0-7D4A-4CA2-A848-A5B509916EF6}.Debug|Any CPU.ActiveCfg = Debug|Any CPU
		{054E75B0-7D4A-4CA2-A848-A5B509916EF6}.Debug|Any CPU.Build.0 = Debug|Any CPU
		{054E75B0-7D4A-4CA2-A848-A5B509916EF6}.Release|Any CPU.ActiveCfg = Release|Any CPU
		{054E75B0-7D4A-4CA2-A848-A5B509916EF6}.Release|Any CPU.Build.0 = Release|Any CPU
	EndGlobalSection
	GlobalSection(SolutionProperties) = preSolution
		HideSolutionNode = FALSE
	EndGlobalSection
EndGlobal
